
Microsoft Visual Studio Solution File, Format Version 12.00
# Visual Studio 15
VisualStudioVersion = 15.0.28307.136
MinimumVisualStudioVersion = 10.0.40219.1
Project("{FAE04EC0-301F-11D3-BF4B-00C04F79EFBC}") = "TestGit", "TestGit\TestGit.csproj", "{95CBFB98-67F6-4CF6-AD90-4C6CFCEDB385}"
EndProject
Global
	GlobalSection(SolutionConfigurationPlatforms) = preSolution
		Debug|Any CPU = Debug|Any CPU
		Release|Any CPU = Release|Any CPU
	EndGlobalSection
	GlobalSection(ProjectConfigurationPlatforms) = postSolution
		{95CBFB98-67F6-4CF6-AD90-4C6CFCEDB385}.Debug|Any CPU.ActiveCfg = Debug|Any CPU
		{95CBFB98-67F6-4CF6-AD90-4C6CFCEDB385}.Debug|Any CPU.Build.0 = Debug|Any CPU
		{95CBFB98-67F6-4CF6-AD90-4C6CFCEDB385}.Release|Any CPU.ActiveCfg = Release|Any CPU
		{95CBFB98-67F6-4CF6-AD90-4C6CFCEDB385}.Release|Any CPU.Build.0 = Release|Any CPU
	EndGlobalSection
	GlobalSection(SolutionProperties) = preSolution
		HideSolutionNode = FALSE
	EndGlobalSection
	GlobalSection(ExtensibilityGlobals) = postSolution
		SolutionGuid = {FE1BB2B0-85AF-4AB2-9EE9-DF54996B7B46}
	EndGlobalSection
EndGlobal
